
Microsoft Visual Studio Solution File, Format Version 12.00
# Visual Studio Version 17
VisualStudioVersion = 17.4.33213.308
MinimumVisualStudioVersion = 10.0.40219.1
Project("{FAE04EC0-301F-11D3-BF4B-00C04F79EFBC}") = "EFCoreEmployee", "EFCoreEmployee\EFCoreEmployee.csproj", "{968868A8-B275-4C8C-B75E-F579F991A5A1}"
EndProject
Global
	GlobalSection(SolutionConfigurationPlatforms) = preSolution
		Debug|Any CPU = Debug|Any CPU
		Release|Any CPU = Release|Any CPU
	EndGlobalSection
	GlobalSection(ProjectConfigurationPlatforms) = postSolution
		{968868A8-B275-4C8C-B75E-F579F991A5A1}.Debug|Any CPU.ActiveCfg = Debug|Any CPU
		{968868A8-B275-4C8C-B75E-F579F991A5A1}.Debug|Any CPU.Build.0 = Debug|Any CPU
		{968868A8-B275-4C8C-B75E-F579F991A5A1}.Release|Any CPU.ActiveCfg = Release|Any CPU
		{968868A8-B275-4C8C-B75E-F579F991A5A1}.Release|Any CPU.Build.0 = Release|Any CPU
	EndGlobalSection
	GlobalSection(SolutionProperties) = preSolution
		HideSolutionNode = FALSE
	EndGlobalSection
	GlobalSection(ExtensibilityGlobals) = postSolution
		SolutionGuid = {583872C4-32B6-49D7-999F-6C84C589C7F3}
	EndGlobalSection
EndGlobal
